
Microsoft Visual Studio Solution File, Format Version 12.00
# Visual Studio 15
Project("{FAE04EC0-301F-11D3-BF4B-00C04F79EFBC}") = "DockTile.NET", "DockTile.NET\DockTile.NET.csproj", "{200B24B3-8D88-43C8-B1DE-FFF4A6BC1670}"
EndProject
Project("{FAE04EC0-301F-11D3-BF4B-00C04F79EFBC}") = "DockTile.NET.Plugin", "DockTile.NET.Plugin\DockTile.NET.Plugin.csproj", "{87623BBC-CC8E-4977-B411-FF3ACA8DA0BF}"
EndProject
Global
	GlobalSection(SolutionConfigurationPlatforms) = preSolution
		Debug|Any CPU = Debug|Any CPU
		Release|Any CPU = Release|Any CPU
	EndGlobalSection
	GlobalSection(ProjectConfigurationPlatforms) = postSolution
		{200B24B3-8D88-43C8-B1DE-FFF4A6BC1670}.Debug|Any CPU.ActiveCfg = Debug|Any CPU
		{200B24B3-8D88-43C8-B1DE-FFF4A6BC1670}.Debug|Any CPU.Build.0 = Debug|Any CPU
		{200B24B3-8D88-43C8-B1DE-FFF4A6BC1670}.Release|Any CPU.ActiveCfg = Release|Any CPU
		{200B24B3-8D88-43C8-B1DE-FFF4A6BC1670}.Release|Any CPU.Build.0 = Release|Any CPU
		{87623BBC-CC8E-4977-B411-FF3ACA8DA0BF}.Debug|Any CPU.ActiveCfg = Debug|Any CPU
		{87623BBC-CC8E-4977-B411-FF3ACA8DA0BF}.Debug|Any CPU.Build.0 = Debug|Any CPU
		{87623BBC-CC8E-4977-B411-FF3ACA8DA0BF}.Release|Any CPU.ActiveCfg = Release|Any CPU
		{87623BBC-CC8E-4977-B411-FF3ACA8DA0BF}.Release|Any CPU.Build.0 = Release|Any CPU
	EndGlobalSection
EndGlobal
